
Microsoft Visual Studio Solution File, Format Version 12.00
# Visual Studio Version 16
VisualStudioVersion = 16.0.30523.141
MinimumVisualStudioVersion = 10.0.40219.1
Project("{FAE04EC0-301F-11D3-BF4B-00C04F79EFBC}") = "logikai enprobalom", "logikai enprobalom.csproj", "{2B400A71-8579-429B-BE2F-86AE253AF85B}"
EndProject
Global
	GlobalSection(SolutionConfigurationPlatforms) = preSolution
		Debug|Any CPU = Debug|Any CPU
		Release|Any CPU = Release|Any CPU
	EndGlobalSection
	GlobalSection(ProjectConfigurationPlatforms) = postSolution
		{2B400A71-8579-429B-BE2F-86AE253AF85B}.Debug|Any CPU.ActiveCfg = Debug|Any CPU
		{2B400A71-8579-429B-BE2F-86AE253AF85B}.Debug|Any CPU.Build.0 = Debug|Any CPU
		{2B400A71-8579-429B-BE2F-86AE253AF85B}.Release|Any CPU.ActiveCfg = Release|Any CPU
		{2B400A71-8579-429B-BE2F-86AE253AF85B}.Release|Any CPU.Build.0 = Release|Any CPU
	EndGlobalSection
	GlobalSection(SolutionProperties) = preSolution
		HideSolutionNode = FALSE
	EndGlobalSection
	GlobalSection(ExtensibilityGlobals) = postSolution
		SolutionGuid = {4D4D3E78-79C7-4914-85E8-09749564E898}
	EndGlobalSection
EndGlobal
